// !$*UTF8*$!
{
	archiveVersion = 1;
	classes = {
	};
	objectVersion = 77;
	objects = {

/* Begin PBXBuildFile section */
		D44D16A52DCA3ED20033FA8A /* SwiftSoup in Frameworks */ = {isa = PBXBuildFile; productRef = D44D16A42DCA3ED20033FA8A /* SwiftSoup */; };
/* End PBXBuildFile section */

/* Begin PBXContainerItemProxy section */
		D4CC0B042DC9FDB3002FFFF6 /* PBXContainerItemProxy */ = {
			isa = PBXContainerItemProxy;
			containerPortal = D4CC0AEB2DC9FDB1002FFFF6 /* Project object */;
			proxyType = 1;
			remoteGlobalIDString = D4CC0AF22DC9FDB1002FFFF6;
			remoteInfo = "Toulouse Weather";
		};
		D4CC0B0E2DC9FDB3002FFFF6 /* PBXContainerItemProxy */ = {
			isa = PBXContainerItemProxy;
			containerPortal = D4CC0AEB2DC9FDB1002FFFF6 /* Project object */;
			proxyType = 1;
			remoteGlobalIDString = D4CC0AF22DC9FDB1002FFFF6;
			remoteInfo = "Toulouse Weather";
		};
/* End PBXContainerItemProxy section */

/* Begin PBXFileReference section */
		D4CC0AF32DC9FDB1002FFFF6 /* Toulouse Weather.app */ = {isa = PBXFileReference; explicitFileType = wrapper.application; includeInIndex = 0; path = "Toulouse Weather.app"; sourceTree = BUILT_PRODUCTS_DIR; };
		D4CC0B032DC9FDB3002FFFF6 /* Toulouse WeatherTests.xctest */ = {isa = PBXFileReference; explicitFileType = wrapper.cfbundle; includeInIndex = 0; path = "Toulouse WeatherTests.xctest"; sourceTree = BUILT_PRODUCTS_DIR; };
		D4CC0B0D2DC9FDB3002FFFF6 /* Toulouse WeatherUITests.xctest */ = {isa = PBXFileReference; explicitFileType = wrapper.cfbundle; includeInIndex = 0; path = "Toulouse WeatherUITests.xctest"; sourceTree = BUILT_PRODUCTS_DIR; };
/* End PBXFileReference section */

/* Begin PBXFileSystemSynchronizedRootGroup section */
		D4CC0AF52DC9FDB1002FFFF6 /* Toulouse Weather */ = {
			isa = PBXFileSystemSynchronizedRootGroup;
			path = "Toulouse Weather";
			sourceTree = "<group>";
		};
		D4CC0B062DC9FDB3002FFFF6 /* Toulouse WeatherTests */ = {
			isa = PBXFileSystemSynchronizedRootGroup;
			path = "Toulouse WeatherTests";
			sourceTree = "<group>";
		};
		D4CC0B102DC9FDB3002FFFF6 /* Toulouse WeatherUITests */ = {
			isa = PBXFileSystemSynchronizedRootGroup;
			path = "Toulouse WeatherUITests";
			sourceTree = "<group>";
		};
/* End PBXFileSystemSynchronizedRootGroup section */

/* Begin PBXFrameworksBuildPhase section */
		D4CC0AF02DC9FDB1002FFFF6 /* Frameworks */ = {
			isa = PBXFrameworksBuildPhase;
			buildActionMask = 2147483647;
			files = (
				D44D16A52DCA3ED20033FA8A /* SwiftSoup in Frameworks */,
			);
			runOnlyForDeploymentPostprocessing = 0;
		};
		D4CC0B002DC9FDB3002FFFF6 /* Frameworks */ = {
			isa = PBXFrameworksBuildPhase;
			buildActionMask = 2147483647;
			files = (
			);
			runOnlyForDeploymentPostprocessing = 0;
		};
		D4CC0B0A2DC9FDB3002FFFF6 /* Frameworks */ = {
			isa = PBXFrameworksBuildPhase;
			buildActionMask = 2147483647;
			files = (
			);
			runOnlyForDeploymentPostprocessing = 0;
		};
/* End PBXFrameworksBuildPhase section */

/* Begin PBXGroup section */
		D4CC0AEA2DC9FDB1002FFFF6 = {
			isa = PBXGroup;
			children = (
				D4CC0AF52DC9FDB1002FFFF6 /* Toulouse Weather */,
				D4CC0B062DC9FDB3002FFFF6 /* Toulouse WeatherTests */,
				D4CC0B102DC9FDB3002FFFF6 /* Toulouse WeatherUITests */,
				D4CC0AF42DC9FDB1002FFFF6 /* Products */,
			);
			sourceTree = "<group>";
		};
		D4CC0AF42DC9FDB1002FFFF6 /* Products */ = {
			isa = PBXGroup;
			children = (
				D4CC0AF32DC9FDB1002FFFF6 /* Toulouse Weather.app */,
				D4CC0B032DC9FDB3002FFFF6 /* Toulouse WeatherTests.xctest */,
				D4CC0B0D2DC9FDB3002FFFF6 /* Toulouse WeatherUITests.xctest */,
			);
			name = Products;
			sourceTree = "<group>";
		};
/* End PBXGroup section */

/* Begin PBXNativeTarget section */
		D4CC0AF22DC9FDB1002FFFF6 /* Toulouse Weather */ = {
			isa = PBXNativeTarget;
			buildConfigurationList = D4CC0B172DC9FDB3002FFFF6 /* Build configuration list for PBXNativeTarget "Toulouse Weather" */;
			buildPhases = (
				D4CC0AEF2DC9FDB1002FFFF6 /* Sources */,
				D4CC0AF02DC9FDB1002FFFF6 /* Frameworks */,
				D4CC0AF12DC9FDB1002FFFF6 /* Resources */,
			);
			buildRules = (
			);
			dependencies = (
			);
			fileSystemSynchronizedGroups = (
				D4CC0AF52DC9FDB1002FFFF6 /* Toulouse Weather */,
			);
			name = "Toulouse Weather";
			packageProductDependencies = (
				D44D16A42DCA3ED20033FA8A /* SwiftSoup */,
			);
			productName = "Toulouse Weather";
			productReference = D4CC0AF32DC9FDB1002FFFF6 /* Toulouse Weather.app */;
			productType = "com.apple.product-type.application";
		};
		D4CC0B022DC9FDB3002FFFF6 /* Toulouse WeatherTests */ = {
			isa = PBXNativeTarget;
			buildConfigurationList = D4CC0B1A2DC9FDB3002FFFF6 /* Build configuration list for PBXNativeTarget "Toulouse WeatherTests" */;
			buildPhases = (
				D4CC0AFF2DC9FDB3002FFFF6 /* Sources */,
				D4CC0B002DC9FDB3002FFFF6 /* Frameworks */,
				D4CC0B012DC9FDB3002FFFF6 /* Resources */,
			);
			buildRules = (
			);
			dependencies = (
				D4CC0B052DC9FDB3002FFFF6 /* PBXTargetDependency */,
			);
			fileSystemSynchronizedGroups = (
				D4CC0B062DC9FDB3002FFFF6 /* Toulouse WeatherTests */,
			);
			name = "Toulouse WeatherTests";
			packageProductDependencies = (
			);
			productName = "Toulouse WeatherTests";
			productReference = D4CC0B032DC9FDB3002FFFF6 /* Toulouse WeatherTests.xctest */;
			productType = "com.apple.product-type.bundle.unit-test";
		};
		D4CC0B0C2DC9FDB3002FFFF6 /* Toulouse WeatherUITests */ = {
			isa = PBXNativeTarget;
			buildConfigurationList = D4CC0B1D2DC9FDB3002FFFF6 /* Build configuration list for PBXNativeTarget "Toulouse WeatherUITests" */;
			buildPhases = (
				D4CC0B092DC9FDB3002FFFF6 /* Sources */,
				D4CC0B0A2DC9FDB3002FFFF6 /* Frameworks */,
				D4CC0B0B2DC9FDB3002FFFF6 /* Resources */,
			);
			buildRules = (
			);
			dependencies = (
				D4CC0B0F2DC9FDB3002FFFF6 /* PBXTargetDependency */,
			);
			fileSystemSynchronizedGroups = (
				D4CC0B102DC9FDB3002FFFF6 /* Toulouse WeatherUITests */,
			);
			name = "Toulouse WeatherUITests";
			packageProductDependencies = (
			);
			productName = "Toulouse WeatherUITests";
			productReference = D4CC0B0D2DC9FDB3002FFFF6 /* Toulouse WeatherUITests.xctest */;
			productType = "com.apple.product-type.bundle.ui-testing";
		};
/* End PBXNativeTarget section */

/* Begin PBXProject section */
		D4CC0AEB2DC9FDB1002FFFF6 /* Project object */ = {
			isa = PBXProject;
			attributes = {
				BuildIndependentTargetsInParallel = 1;
				LastSwiftUpdateCheck = 1630;
				LastUpgradeCheck = 1630;
				TargetAttributes = {
					D4CC0AF22DC9FDB1002FFFF6 = {
						CreatedOnToolsVersion = 16.3;
					};
					D4CC0B022DC9FDB3002FFFF6 = {
						CreatedOnToolsVersion = 16.3;
						TestTargetID = D4CC0AF22DC9FDB1002FFFF6;
					};
					D4CC0B0C2DC9FDB3002FFFF6 = {
						CreatedOnToolsVersion = 16.3;
						TestTargetID = D4CC0AF22DC9FDB1002FFFF6;
					};
				};
			};
			buildConfigurationList = D4CC0AEE2DC9FDB1002FFFF6 /* Build configuration list for PBXProject "Toulouse Weather" */;
			developmentRegion = en;
			hasScannedForEncodings = 0;
			knownRegions = (
				en,
				Base,
			);
			mainGroup = D4CC0AEA2DC9FDB1002FFFF6;
			minimizedProjectReferenceProxies = 1;
			packageReferences = (
				D44D16A32DCA3ED20033FA8A /* XCRemoteSwiftPackageReference "SwiftSoup" */,
			);
			preferredProjectObjectVersion = 77;
			productRefGroup = D4CC0AF42DC9FDB1002FFFF6 /* Products */;
			projectDirPath = "";
			projectRoot = "";
			targets = (
				D4CC0AF22DC9FDB1002FFFF6 /* Toulouse Weather */,
				D4CC0B022DC9FDB3002FFFF6 /* Toulouse WeatherTests */,
				D4CC0B0C2DC9FDB3002FFFF6 /* Toulouse WeatherUITests */,
			);
		};
/* End PBXProject section */

/* Begin PBXResourcesBuildPhase section */
		D4CC0AF12DC9FDB1002FFFF6 /* Resources */ = {
			isa = PBXResourcesBuildPhase;
			buildActionMask = 2147483647;
			files = (
			);
			runOnlyForDeploymentPostprocessing = 0;
		};
		D4CC0B012DC9FDB3002FFFF6 /* Resources */ = {
			isa = PBXResourcesBuildPhase;
			buildActionMask = 2147483647;
			files = (
			);
			runOnlyForDeploymentPostprocessing = 0;
		};
		D4CC0B0B2DC9FDB3002FFFF6 /* Resources */ = {
			isa = PBXResourcesBuildPhase;
			buildActionMask = 2147483647;
			files = (
			);
			runOnlyForDeploymentPostprocessing = 0;
		};
/* End PBXResourcesBuildPhase section */

/* Begin PBXSourcesBuildPhase section */
		D4CC0AEF2DC9FDB1002FFFF6 /* Sources */ = {
			isa = PBXSourcesBuildPhase;
			buildActionMask = 2147483647;
			files = (
			);
			runOnlyForDeploymentPostprocessing = 0;
		};
		D4CC0AFF2DC9FDB3002FFFF6 /* Sources */ = {
			isa = PBXSourcesBuildPhase;
			buildActionMask = 2147483647;
			files = (
			);
			runOnlyForDeploymentPostprocessing = 0;
		};
		D4CC0B092DC9FDB3002FFFF6 /* Sources */ = {
			isa = PBXSourcesBuildPhase;
			buildActionMask = 2147483647;
			files = (
			);
			runOnlyForDeploymentPostprocessing = 0;
		};
/* End PBXSourcesBuildPhase section */

/* Begin PBXTargetDependency section */
		D4CC0B052DC9FDB3002FFFF6 /* PBXTargetDependency */ = {
			isa = PBXTargetDependency;
			target = D4CC0AF22DC9FDB1002FFFF6 /* Toulouse Weather */;
			targetProxy = D4CC0B042DC9FDB3002FFFF6 /* PBXContainerItemProxy */;
		};
		D4CC0B0F2DC9FDB3002FFFF6 /* PBXTargetDependency */ = {
			isa = PBXTargetDependency;
			target = D4CC0AF22DC9FDB1002FFFF6 /* Toulouse Weather */;
			targetProxy = D4CC0B0E2DC9FDB3002FFFF6 /* PBXContainerItemProxy */;
		};
/* End PBXTargetDependency section */

/* Begin XCBuildConfiguration section */
		D4CC0B152DC9FDB3002FFFF6 /* Debug */ = {
			isa = XCBuildConfiguration;
			buildSettings = {
				ALWAYS_SEARCH_USER_PATHS = NO;
				ASSETCATALOG_COMPILER_GENERATE_SWIFT_ASSET_SYMBOL_EXTENSIONS = YES;
				CLANG_ANALYZER_NONNULL = YES;
				CLANG_ANALYZER_NUMBER_OBJECT_CONVERSION = YES_AGGRESSIVE;
				CLANG_CXX_LANGUAGE_STANDARD = "gnu++20";
				CLANG_ENABLE_MODULES = YES;
				CLANG_ENABLE_OBJC_ARC = YES;
				CLANG_ENABLE_OBJC_WEAK = YES;
				CLANG_WARN_BLOCK_CAPTURE_AUTORELEASING = YES;
				CLANG_WARN_BOOL_CONVERSION = YES;
				CLANG_WARN_COMMA = YES;
				CLANG_WARN_CONSTANT_CONVERSION = YES;
				CLANG_WARN_DEPRECATED_OBJC_IMPLEMENTATIONS = YES;
				CLANG_WARN_DIRECT_OBJC_ISA_USAGE = YES_ERROR;
				CLANG_WARN_DOCUMENTATION_COMMENTS = YES;
				CLANG_WARN_EMPTY_BODY = YES;
				CLANG_WARN_ENUM_CONVERSION = YES;
				CLANG_WARN_INFINITE_RECURSION = YES;
				CLANG_WARN_INT_CONVERSION = YES;
				CLANG_WARN_NON_LITERAL_NULL_CONVERSION = YES;
				CLANG_WARN_OBJC_IMPLICIT_RETAIN_SELF = YES;
				CLANG_WARN_OBJC_LITERAL_CONVERSION = YES;
				CLANG_WARN_OBJC_ROOT_CLASS = YES_ERROR;
				CLANG_WARN_QUOTED_INCLUDE_IN_FRAMEWORK_HEADER = YES;
				CLANG_WARN_RANGE_LOOP_ANALYSIS = YES;
				CLANG_WARN_STRICT_PROTOTYPES = YES;
				CLANG_WARN_SUSPICIOUS_MOVE = YES;
				CLANG_WARN_UNGUARDED_AVAILABILITY = YES_AGGRESSIVE;
				CLANG_WARN_UNREACHABLE_CODE = YES;
				CLANG_WARN__DUPLICATE_METHOD_MATCH = YES;
				COPY_PHASE_STRIP = NO;
				DEBUG_INFORMATION_FORMAT = dwarf;
				DEVELOPMENT_TEAM = GT4LQKT46S;
				ENABLE_STRICT_OBJC_MSGSEND = YES;
				ENABLE_TESTABILITY = YES;
				ENABLE_USER_SCRIPT_SANDBOXING = YES;
				GCC_C_LANGUAGE_STANDARD = gnu17;
				GCC_DYNAMIC_NO_PIC = NO;
				GCC_NO_COMMON_BLOCKS = YES;
				GCC_OPTIMIZATION_LEVEL = 0;
				GCC_PREPROCESSOR_DEFINITIONS = (
					"DEBUG=1",
					"$(inherited)",
				);
				GCC_WARN_64_TO_32_BIT_CONVERSION = YES;
				GCC_WARN_ABOUT_RETURN_TYPE = YES_ERROR;
				GCC_WARN_UNDECLARED_SELECTOR = YES;
				GCC_WARN_UNINITIALIZED_AUTOS = YES_AGGRESSIVE;
				GCC_WARN_UNUSED_FUNCTION = YES;
				GCC_WARN_UNUSED_VARIABLE = YES;
				LOCALIZATION_PREFERS_STRING_CATALOGS = YES;
				MACOSX_DEPLOYMENT_TARGET = 15.4;
				MTL_ENABLE_DEBUG_INFO = INCLUDE_SOURCE;
				MTL_FAST_MATH = YES;
				ONLY_ACTIVE_ARCH = YES;
				SDKROOT = macosx;
				SWIFT_ACTIVE_COMPILATION_CONDITIONS = "DEBUG $(inherited)";
				SWIFT_OPTIMIZATION_LEVEL = "-Onone";
			};
			name = Debug;
		};
		D4CC0B162DC9FDB3002FFFF6 /* Release */ = {
			isa = XCBuildConfiguration;
			buildSettings = {
				ALWAYS_SEARCH_USER_PATHS = NO;
				ASSETCATALOG_COMPILER_GENERATE_SWIFT_ASSET_SYMBOL_EXTENSIONS = YES;
				CLANG_ANALYZER_NONNULL = YES;
				CLANG_ANALYZER_NUMBER_OBJECT_CONVERSION = YES_AGGRESSIVE;
				CLANG_CXX_LANGUAGE_STANDARD = "gnu++20";
				CLANG_ENABLE_MODULES = YES;
				CLANG_ENABLE_OBJC_ARC = YES;
				CLANG_ENABLE_OBJC_WEAK = YES;
				CLANG_WARN_BLOCK_CAPTURE_AUTORELEASING = YES;
				CLANG_WARN_BOOL_CONVERSION = YES;
				CLANG_WARN_COMMA = YES;
				CLANG_WARN_CONSTANT_CONVERSION = YES;
				CLANG_WARN_DEPRECATED_OBJC_IMPLEMENTATIONS = YES;
				CLANG_WARN_DIRECT_OBJC_ISA_USAGE = YES_ERROR;
				CLANG_WARN_DOCUMENTATION_COMMENTS = YES;
				CLANG_WARN_EMPTY_BODY = YES;
				CLANG_WARN_ENUM_CONVERSION = YES;
				CLANG_WARN_INFINITE_RECURSION = YES;
				CLANG_WARN_INT_CONVERSION = YES;
				CLANG_WARN_NON_LITERAL_NULL_CONVERSION = YES;
				CLANG_WARN_OBJC_IMPLICIT_RETAIN_SELF = YES;
				CLANG_WARN_OBJC_LITERAL_CONVERSION = YES;
				CLANG_WARN_OBJC_ROOT_CLASS = YES_ERROR;
				CLANG_WARN_QUOTED_INCLUDE_IN_FRAMEWORK_HEADER = YES;
				CLANG_WARN_RANGE_LOOP_ANALYSIS = YES;
				CLANG_WARN_STRICT_PROTOTYPES = YES;
				CLANG_WARN_SUSPICIOUS_MOVE = YES;
				CLANG_WARN_UNGUARDED_AVAILABILITY = YES_AGGRESSIVE;
				CLANG_WARN_UNREACHABLE_CODE = YES;
				CLANG_WARN__DUPLICATE_METHOD_MATCH = YES;
				COPY_PHASE_STRIP = NO;
				DEBUG_INFORMATION_FORMAT = "dwarf-with-dsym";
				DEVELOPMENT_TEAM = GT4LQKT46S;
				ENABLE_NS_ASSERTIONS = NO;
				ENABLE_STRICT_OBJC_MSGSEND = YES;
				ENABLE_USER_SCRIPT_SANDBOXING = YES;
				GCC_C_LANGUAGE_STANDARD = gnu17;
				GCC_NO_COMMON_BLOCKS = YES;
				GCC_WARN_64_TO_32_BIT_CONVERSION = YES;
				GCC_WARN_ABOUT_RETURN_TYPE = YES_ERROR;
				GCC_WARN_UNDECLARED_SELECTOR = YES;
				GCC_WARN_UNINITIALIZED_AUTOS = YES_AGGRESSIVE;
				GCC_WARN_UNUSED_FUNCTION = YES;
				GCC_WARN_UNUSED_VARIABLE = YES;
				LOCALIZATION_PREFERS_STRING_CATALOGS = YES;
				MACOSX_DEPLOYMENT_TARGET = 15.4;
				MTL_ENABLE_DEBUG_INFO = NO;
				MTL_FAST_MATH = YES;
				SDKROOT = macosx;
				SWIFT_COMPILATION_MODE = wholemodule;
			};
			name = Release;
		};
		D4CC0B182DC9FDB3002FFFF6 /* Debug */ = {
			isa = XCBuildConfiguration;
			buildSettings = {
				ASSETCATALOG_COMPILER_APPICON_NAME = AppIcon;
				ASSETCATALOG_COMPILER_GLOBAL_ACCENT_COLOR_NAME = AccentColor;
				CODE_SIGN_ENTITLEMENTS = "Toulouse Weather/Toulouse_Weather.entitlements";
				CODE_SIGN_STYLE = Automatic;
				COMBINE_HIDPI_IMAGES = YES;
				CURRENT_PROJECT_VERSION = 1;
				DEVELOPMENT_TEAM = GT4LQKT46S;
				ENABLE_HARDENED_RUNTIME = YES;
				ENABLE_PREVIEWS = YES;
				GENERATE_INFOPLIST_FILE = YES;
				INFOPLIST_KEY_NSHumanReadableCopyright = "";
				LD_RUNPATH_SEARCH_PATHS = (
					"$(inherited)",
					"@executable_path/../Frameworks",
				);
				MACOSX_DEPLOYMENT_TARGET = 15.0;
				MARKETING_VERSION = 1.0;
				PRODUCT_BUNDLE_IDENTIFIER = "fr.ipefixe.Toulouse-Weather";
				PRODUCT_NAME = "$(TARGET_NAME)";
				REGISTER_APP_GROUPS = YES;
				SUPPORTED_PLATFORMS = macosx;
				SUPPORTS_MACCATALYST = NO;
				SWIFT_EMIT_LOC_STRINGS = YES;
				SWIFT_VERSION = 5.0;
			};
			name = Debug;
		};
		D4CC0B192DC9FDB3002FFFF6 /* Release */ = {
			isa = XCBuildConfiguration;
			buildSettings = {
				ASSETCATALOG_COMPILER_APPICON_NAME = AppIcon;
				ASSETCATALOG_COMPILER_GLOBAL_ACCENT_COLOR_NAME = AccentColor;
				CODE_SIGN_ENTITLEMENTS = "Toulouse Weather/Toulouse_Weather.entitlements";
				CODE_SIGN_STYLE = Automatic;
				COMBINE_HIDPI_IMAGES = YES;
				CURRENT_PROJECT_VERSION = 1;
				DEVELOPMENT_TEAM = GT4LQKT46S;
				ENABLE_HARDENED_RUNTIME = YES;
				ENABLE_PREVIEWS = YES;
				GENERATE_INFOPLIST_FILE = YES;
				INFOPLIST_KEY_NSHumanReadableCopyright = "";
				LD_RUNPATH_SEARCH_PATHS = (
					"$(inherited)",
					"@executable_path/../Frameworks",
				);
				MACOSX_DEPLOYMENT_TARGET = 15.0;
				MARKETING_VERSION = 1.0;
				PRODUCT_BUNDLE_IDENTIFIER = "fr.ipefixe.Toulouse-Weather";
				PRODUCT_NAME = "$(TARGET_NAME)";
				REGISTER_APP_GROUPS = YES;
				SUPPORTED_PLATFORMS = macosx;
				SUPPORTS_MACCATALYST = NO;
				SWIFT_EMIT_LOC_STRINGS = YES;
				SWIFT_VERSION = 5.0;
			};
			name = Release;
		};
		D4CC0B1B2DC9FDB3002FFFF6 /* Debug */ = {
			isa = XCBuildConfiguration;
			buildSettings = {
				BUNDLE_LOADER = "$(TEST_HOST)";
				CODE_SIGN_STYLE = Automatic;
				CURRENT_PROJECT_VERSION = 1;
				DEVELOPMENT_TEAM = GT4LQKT46S;
				GENERATE_INFOPLIST_FILE = YES;
				MACOSX_DEPLOYMENT_TARGET = 15.0;
				MARKETING_VERSION = 1.0;
				PRODUCT_BUNDLE_IDENTIFIER = "fr.ipefixe.Toulouse-WeatherTests";
				PRODUCT_NAME = "$(TARGET_NAME)";
				SWIFT_EMIT_LOC_STRINGS = NO;
				SWIFT_VERSION = 5.0;
				TEST_HOST = "$(BUILT_PRODUCTS_DIR)/Toulouse Weather.app/$(BUNDLE_EXECUTABLE_FOLDER_PATH)/Toulouse Weather";
			};
			name = Debug;
		};
		D4CC0B1C2DC9FDB3002FFFF6 /* Release */ = {
			isa = XCBuildConfiguration;
			buildSettings = {
				BUNDLE_LOADER = "$(TEST_HOST)";
				CODE_SIGN_STYLE = Automatic;
				CURRENT_PROJECT_VERSION = 1;
				DEVELOPMENT_TEAM = GT4LQKT46S;
				GENERATE_INFOPLIST_FILE = YES;
				MACOSX_DEPLOYMENT_TARGET = 15.0;
				MARKETING_VERSION = 1.0;
				PRODUCT_BUNDLE_IDENTIFIER = "fr.ipefixe.Toulouse-WeatherTests";
				PRODUCT_NAME = "$(TARGET_NAME)";
				SWIFT_EMIT_LOC_STRINGS = NO;
				SWIFT_VERSION = 5.0;
				TEST_HOST = "$(BUILT_PRODUCTS_DIR)/Toulouse Weather.app/$(BUNDLE_EXECUTABLE_FOLDER_PATH)/Toulouse Weather";
			};
			name = Release;
		};
		D4CC0B1E2DC9FDB3002FFFF6 /* Debug */ = {
			isa = XCBuildConfiguration;
			buildSettings = {
				CODE_SIGN_STYLE = Automatic;
				CURRENT_PROJECT_VERSION = 1;
				DEVELOPMENT_TEAM = GT4LQKT46S;
				GENERATE_INFOPLIST_FILE = YES;
				MACOSX_DEPLOYMENT_TARGET = 15.0;
				MARKETING_VERSION = 1.0;
				PRODUCT_BUNDLE_IDENTIFIER = "fr.ipefixe.Toulouse-WeatherUITests";
				PRODUCT_NAME = "$(TARGET_NAME)";
				SWIFT_EMIT_LOC_STRINGS = NO;
				SWIFT_VERSION = 5.0;
				TEST_TARGET_NAME = "Toulouse Weather";
			};
			name = Debug;
		};
		D4CC0B1F2DC9FDB3002FFFF6 /* Release */ = {
			isa = XCBuildConfiguration;
			buildSettings = {
				CODE_SIGN_STYLE = Automatic;
				CURRENT_PROJECT_VERSION = 1;
				DEVELOPMENT_TEAM = GT4LQKT46S;
				GENERATE_INFOPLIST_FILE = YES;
				MACOSX_DEPLOYMENT_TARGET = 15.0;
				MARKETING_VERSION = 1.0;
				PRODUCT_BUNDLE_IDENTIFIER = "fr.ipefixe.Toulouse-WeatherUITests";
				PRODUCT_NAME = "$(TARGET_NAME)";
				SWIFT_EMIT_LOC_STRINGS = NO;
				SWIFT_VERSION = 5.0;
				TEST_TARGET_NAME = "Toulouse Weather";
			};
			name = Release;
		};
/* End XCBuildConfiguration section */

/* Begin XCConfigurationList section */
		D4CC0AEE2DC9FDB1002FFFF6 /* Build configuration list for PBXProject "Toulouse Weather" */ = {
			isa = XCConfigurationList;
			buildConfigurations = (
				D4CC0B152DC9FDB3002FFFF6 /* Debug */,
				D4CC0B162DC9FDB3002FFFF6 /* Release */,
			);
			defaultConfigurationIsVisible = 0;
			defaultConfigurationName = Release;
		};
		D4CC0B172DC9FDB3002FFFF6 /* Build configuration list for PBXNativeTarget "Toulouse Weather" */ = {
			isa = XCConfigurationList;
			buildConfigurations = (
				D4CC0B182DC9FDB3002FFFF6 /* Debug */,
				D4CC0B192DC9FDB3002FFFF6 /* Release */,
			);
			defaultConfigurationIsVisible = 0;
			defaultConfigurationName = Release;
		};
		D4CC0B1A2DC9FDB3002FFFF6 /* Build configuration list for PBXNativeTarget "Toulouse WeatherTests" */ = {
			isa = XCConfigurationList;
			buildConfigurations = (
				D4CC0B1B2DC9FDB3002FFFF6 /* Debug */,
				D4CC0B1C2DC9FDB3002FFFF6 /* Release */,
			);
			defaultConfigurationIsVisible = 0;
			defaultConfigurationName = Release;
		};
		D4CC0B1D2DC9FDB3002FFFF6 /* Build configuration list for PBXNativeTarget "Toulouse WeatherUITests" */ = {
			isa = XCConfigurationList;
			buildConfigurations = (
				D4CC0B1E2DC9FDB3002FFFF6 /* Debug */,
				D4CC0B1F2DC9FDB3002FFFF6 /* Release */,
			);
			defaultConfigurationIsVisible = 0;
			defaultConfigurationName = Release;
		};
/* End XCConfigurationList section */

/* Begin XCRemoteSwiftPackageReference section */
		D44D16A32DCA3ED20033FA8A /* XCRemoteSwiftPackageReference "SwiftSoup" */ = {
			isa = XCRemoteSwiftPackageReference;
			repositoryURL = "https://github.com/scinfu/SwiftSoup.git";
			requirement = {
				kind = upToNextMajorVersion;
				minimumVersion = 2.8.7;
			};
		};
/* End XCRemoteSwiftPackageReference section */

/* Begin XCSwiftPackageProductDependency section */
		D44D16A42DCA3ED20033FA8A /* SwiftSoup */ = {
			isa = XCSwiftPackageProductDependency;
			package = D44D16A32DCA3ED20033FA8A /* XCRemoteSwiftPackageReference "SwiftSoup" */;
			productName = SwiftSoup;
		};
/* End XCSwiftPackageProductDependency section */
	};
	rootObject = D4CC0AEB2DC9FDB1002FFFF6 /* Project object */;
}
